// !$*UTF8*$!
{
	archiveVersion = 1;
	classes = {
	};
	objectVersion = 46;
	objects = {

/* Begin PBXBuildFile section */
		D81F1BA415D064D700C8985E /* UIKit.framework in Frameworks */ = {isa = PBXBuildFile; fileRef = D81F1BA315D064D700C8985E /* UIKit.framework */; };
		D81F1BA615D064D700C8985E /* Foundation.framework in Frameworks */ = {isa = PBXBuildFile; fileRef = D81F1BA515D064D700C8985E /* Foundation.framework */; };
		D81F1BA815D064D700C8985E /* CoreGraphics.framework in Frameworks */ = {isa = PBXBuildFile; fileRef = D81F1BA715D064D700C8985E /* CoreGraphics.framework */; };
		D81F1BAE15D064D700C8985E /* InfoPlist.strings in Resources */ = {isa = PBXBuildFile; fileRef = D81F1BAC15D064D700C8985E /* InfoPlist.strings */; };
		D81F1BB015D064D700C8985E /* main.m in Sources */ = {isa = PBXBuildFile; fileRef = D81F1BAF15D064D700C8985E /* main.m */; };
		D81F1BB415D064D700C8985E /* THAppDelegate.m in Sources */ = {isa = PBXBuildFile; fileRef = D81F1BB315D064D700C8985E /* THAppDelegate.m */; };
		D81F1BB715D064D700C8985E /* THMainViewController.m in Sources */ = {isa = PBXBuildFile; fileRef = D81F1BB615D064D700C8985E /* THMainViewController.m */; };
		D81F1BBA15D064D700C8985E /* THFlipsideViewController.m in Sources */ = {isa = PBXBuildFile; fileRef = D81F1BB915D064D700C8985E /* THFlipsideViewController.m */; };
		D81F1BBD15D064D700C8985E /* THMainViewController_iPhone.xib in Resources */ = {isa = PBXBuildFile; fileRef = D81F1BBB15D064D700C8985E /* THMainViewController_iPhone.xib */; };
		D81F1BC015D064D700C8985E /* THMainViewController_iPad.xib in Resources */ = {isa = PBXBuildFile; fileRef = D81F1BBE15D064D700C8985E /* THMainViewController_iPad.xib */; };
		D81F1BC315D064D700C8985E /* THFlipsideViewController.xib in Resources */ = {isa = PBXBuildFile; fileRef = D81F1BC115D064D700C8985E /* THFlipsideViewController.xib */; };
		D822F39A15D4F61300939CC4 /* back_icon.png in Resources */ = {isa = PBXBuildFile; fileRef = D822F39115D4F61300939CC4 /* back_icon.png */; };
		D822F39B15D4F61300939CC4 /* back_icon@2x.png in Resources */ = {isa = PBXBuildFile; fileRef = D822F39215D4F61300939CC4 /* back_icon@2x.png */; };
		D822F39C15D4F61300939CC4 /* forward_icon.png in Resources */ = {isa = PBXBuildFile; fileRef = D822F39315D4F61300939CC4 /* forward_icon.png */; };
		D822F39D15D4F61300939CC4 /* forward_icon@2x.png in Resources */ = {isa = PBXBuildFile; fileRef = D822F39415D4F61300939CC4 /* forward_icon@2x.png */; };
		D822F39E15D4F61300939CC4 /* reload_icon.png in Resources */ = {isa = PBXBuildFile; fileRef = D822F39515D4F61300939CC4 /* reload_icon.png */; };
		D822F39F15D4F61300939CC4 /* reload_icon@2x.png in Resources */ = {isa = PBXBuildFile; fileRef = D822F39615D4F61300939CC4 /* reload_icon@2x.png */; };
		D822F3A015D4F61300939CC4 /* TSMiniWebBrowser.m in Sources */ = {isa = PBXBuildFile; fileRef = D822F39815D4F61300939CC4 /* TSMiniWebBrowser.m */; };
		D822F3A115D4F61300939CC4 /* TSMiniWebBrowser.xib in Resources */ = {isa = PBXBuildFile; fileRef = D822F39915D4F61300939CC4 /* TSMiniWebBrowser.xib */; };
		D822F3B215D50E5400939CC4 /* smartmove57.png in Resources */ = {isa = PBXBuildFile; fileRef = D822F3AE15D50E5400939CC4 /* smartmove57.png */; };
		D822F3B315D50E5400939CC4 /* smartmove72.png in Resources */ = {isa = PBXBuildFile; fileRef = D822F3AF15D50E5400939CC4 /* smartmove72.png */; };
		D822F3B415D50E5400939CC4 /* smartmove114.png in Resources */ = {isa = PBXBuildFile; fileRef = D822F3B015D50E5400939CC4 /* smartmove114.png */; };
		D822F3B515D50E5400939CC4 /* smartmove144.png in Resources */ = {isa = PBXBuildFile; fileRef = D822F3B115D50E5400939CC4 /* smartmove144.png */; };
		D822F3C015D50FBC00939CC4 /* 53-house-white.png in Resources */ = {isa = PBXBuildFile; fileRef = D822F3BE15D50FBC00939CC4 /* 53-house-white.png */; };
		D822F3C115D50FBC00939CC4 /* 53-house-white@2x.png in Resources */ = {isa = PBXBuildFile; fileRef = D822F3BF15D50FBC00939CC4 /* 53-house-white@2x.png */; };
		D822F3C415D5124A00939CC4 /* 177-building-white.png in Resources */ = {isa = PBXBuildFile; fileRef = D822F3C215D5124A00939CC4 /* 177-building-white.png */; };
		D822F3C715D5156C00939CC4 /* 177-building-white@2x.png in Resources */ = {isa = PBXBuildFile; fileRef = D822F3C615D5156C00939CC4 /* 177-building-white@2x.png */; };
		D822F3CB15D57FF800939CC4 /* THHoodDataController.m in Sources */ = {isa = PBXBuildFile; fileRef = D822F3C915D57FF700939CC4 /* THHoodDataController.m */; };
		D822F3CC15D57FF800939CC4 /* THHoodDataController.xib in Resources */ = {isa = PBXBuildFile; fileRef = D822F3CA15D57FF700939CC4 /* THHoodDataController.xib */; };
		D822F3D415D59B6D00939CC4 /* PieChartView.m in Sources */ = {isa = PBXBuildFile; fileRef = D822F3D315D59B6C00939CC4 /* PieChartView.m */; settings = {COMPILER_FLAGS = "-fno-objc-arc"; }; };
		D822F3DB15D5B15700939CC4 /* THCustomPinAnnotationView.m in Sources */ = {isa = PBXBuildFile; fileRef = D822F3DA15D5B15600939CC4 /* THCustomPinAnnotationView.m */; };
		D82CDB1F15D066E1005F1FDB /* MapKit.framework in Frameworks */ = {isa = PBXBuildFile; fileRef = D82CDB1E15D066E1005F1FDB /* MapKit.framework */; };
		D82CDB2815D06EEA005F1FDB /* CoreLocation.framework in Frameworks */ = {isa = PBXBuildFile; fileRef = D82CDB2715D06EEA005F1FDB /* CoreLocation.framework */; };
		D82CDC1815D07455005F1FDB /* THNeighbourhood.m in Sources */ = {isa = PBXBuildFile; fileRef = D82CDC1715D07455005F1FDB /* THNeighbourhood.m */; };
		D8BFA99C15D40D3800E86A16 /* THCustomPointAnnotation.m in Sources */ = {isa = PBXBuildFile; fileRef = D8BFA99B15D40D3800E86A16 /* THCustomPointAnnotation.m */; };
		D8E67DE815D14F3800EF8465 /* 17-check.png in Resources */ = {isa = PBXBuildFile; fileRef = D8E67DE615D14F3800EF8465 /* 17-check.png */; };
		D8E67DE915D14F3800EF8465 /* 17-check@2x.png in Resources */ = {isa = PBXBuildFile; fileRef = D8E67DE715D14F3800EF8465 /* 17-check@2x.png */; };
		D8E67DEC15D15B9C00EF8465 /* 17-blank.png in Resources */ = {isa = PBXBuildFile; fileRef = D8E67DEB15D15B9C00EF8465 /* 17-blank.png */; };
		D8E67E0115D26A2400EF8465 /* neighbourhoods.json in Resources */ = {isa = PBXBuildFile; fileRef = D8E67E0015D26A2400EF8465 /* neighbourhoods.json */; };
		D8E67E0815D27CE500EF8465 /* MBProgressHUD.m in Sources */ = {isa = PBXBuildFile; fileRef = D8E67E0715D27CA000EF8465 /* MBProgressHUD.m */; };
		D8E67E0C15D2824F00EF8465 /* THHouseDetailsController.m in Sources */ = {isa = PBXBuildFile; fileRef = D8E67E0A15D2824F00EF8465 /* THHouseDetailsController.m */; };
		D8E67E0D15D2824F00EF8465 /* THHouseDetailsController.xib in Resources */ = {isa = PBXBuildFile; fileRef = D8E67E0B15D2824F00EF8465 /* THHouseDetailsController.xib */; };
		D8E67E1215D2880100EF8465 /* 119-piggy-bank.png in Resources */ = {isa = PBXBuildFile; fileRef = D8E67E0E15D2880100EF8465 /* 119-piggy-bank.png */; };
		D8E67E1315D2880100EF8465 /* 119-piggy-bank@2x.png in Resources */ = {isa = PBXBuildFile; fileRef = D8E67E0F15D2880100EF8465 /* 119-piggy-bank@2x.png */; };
		D8E67E1415D2880100EF8465 /* 190-bank.png in Resources */ = {isa = PBXBuildFile; fileRef = D8E67E1015D2880100EF8465 /* 190-bank.png */; };
		D8E67E1515D2880100EF8465 /* 190-bank@2x.png in Resources */ = {isa = PBXBuildFile; fileRef = D8E67E1115D2880100EF8465 /* 190-bank@2x.png */; };
		D8E67E1815D2883900EF8465 /* 192-credit-card.png in Resources */ = {isa = PBXBuildFile; fileRef = D8E67E1615D2883900EF8465 /* 192-credit-card.png */; };
		D8E67E1915D2883900EF8465 /* 192-credit-card@2x.png in Resources */ = {isa = PBXBuildFile; fileRef = D8E67E1715D2883900EF8465 /* 192-credit-card@2x.png */; };
		D8E67E1C15D294FE00EF8465 /* 177-building.png in Resources */ = {isa = PBXBuildFile; fileRef = D8E67E1A15D294FE00EF8465 /* 177-building.png */; };
		D8E67E1D15D294FE00EF8465 /* 177-building@2x.png in Resources */ = {isa = PBXBuildFile; fileRef = D8E67E1B15D294FE00EF8465 /* 177-building@2x.png */; };
		D8E67E2015D2950D00EF8465 /* 53-house.png in Resources */ = {isa = PBXBuildFile; fileRef = D8E67E1E15D2950D00EF8465 /* 53-house.png */; };
		D8E67E2115D2950D00EF8465 /* 53-house@2x.png in Resources */ = {isa = PBXBuildFile; fileRef = D8E67E1F15D2950D00EF8465 /* 53-house@2x.png */; };
/* End PBXBuildFile section */

/* Begin PBXFileReference section */
		D81F1B9F15D064D700C8985E /* SmartMove.app */ = {isa = PBXFileReference; explicitFileType = wrapper.application; includeInIndex = 0; path = SmartMove.app; sourceTree = BUILT_PRODUCTS_DIR; };
		D81F1BA315D064D700C8985E /* UIKit.framework */ = {isa = PBXFileReference; lastKnownFileType = wrapper.framework; name = UIKit.framework; path = System/Library/Frameworks/UIKit.framework; sourceTree = SDKROOT; };
		D81F1BA515D064D700C8985E /* Foundation.framework */ = {isa = PBXFileReference; lastKnownFileType = wrapper.framework; name = Foundation.framework; path = System/Library/Frameworks/Foundation.framework; sourceTree = SDKROOT; };
		D81F1BA715D064D700C8985E /* CoreGraphics.framework */ = {isa = PBXFileReference; lastKnownFileType = wrapper.framework; name = CoreGraphics.framework; path = System/Library/Frameworks/CoreGraphics.framework; sourceTree = SDKROOT; };
		D81F1BAB15D064D700C8985E /* Househunt-Info.plist */ = {isa = PBXFileReference; lastKnownFileType = text.plist.xml; path = "Househunt-Info.plist"; sourceTree = "<group>"; };
		D81F1BAD15D064D700C8985E /* en */ = {isa = PBXFileReference; lastKnownFileType = text.plist.strings; name = en; path = en.lproj/InfoPlist.strings; sourceTree = "<group>"; };
		D81F1BAF15D064D700C8985E /* main.m */ = {isa = PBXFileReference; lastKnownFileType = sourcecode.c.objc; path = main.m; sourceTree = "<group>"; };
		D81F1BB115D064D700C8985E /* Househunt-Prefix.pch */ = {isa = PBXFileReference; lastKnownFileType = sourcecode.c.h; path = "Househunt-Prefix.pch"; sourceTree = "<group>"; };
		D81F1BB215D064D700C8985E /* THAppDelegate.h */ = {isa = PBXFileReference; lastKnownFileType = sourcecode.c.h; path = THAppDelegate.h; sourceTree = "<group>"; };
		D81F1BB315D064D700C8985E /* THAppDelegate.m */ = {isa = PBXFileReference; lastKnownFileType = sourcecode.c.objc; path = THAppDelegate.m; sourceTree = "<group>"; };
		D81F1BB515D064D700C8985E /* THMainViewController.h */ = {isa = PBXFileReference; lastKnownFileType = sourcecode.c.h; path = THMainViewController.h; sourceTree = "<group>"; };
		D81F1BB615D064D700C8985E /* THMainViewController.m */ = {isa = PBXFileReference; lastKnownFileType = sourcecode.c.objc; path = THMainViewController.m; sourceTree = "<group>"; };
		D81F1BB815D064D700C8985E /* THFlipsideViewController.h */ = {isa = PBXFileReference; lastKnownFileType = sourcecode.c.h; path = THFlipsideViewController.h; sourceTree = "<group>"; };
		D81F1BB915D064D700C8985E /* THFlipsideViewController.m */ = {isa = PBXFileReference; lastKnownFileType = sourcecode.c.objc; path = THFlipsideViewController.m; sourceTree = "<group>"; };
		D81F1BBC15D064D700C8985E /* en */ = {isa = PBXFileReference; lastKnownFileType = file.xib; name = en; path = en.lproj/THMainViewController_iPhone.xib; sourceTree = "<group>"; };
		D81F1BBF15D064D700C8985E /* en */ = {isa = PBXFileReference; lastKnownFileType = file.xib; name = en; path = en.lproj/THMainViewController_iPad.xib; sourceTree = "<group>"; };
		D81F1BC215D064D700C8985E /* en */ = {isa = PBXFileReference; lastKnownFileType = file.xib; name = en; path = en.lproj/THFlipsideViewController.xib; sourceTree = "<group>"; };
		D822F39115D4F61300939CC4 /* back_icon.png */ = {isa = PBXFileReference; lastKnownFileType = image.png; path = back_icon.png; sourceTree = "<group>"; };
		D822F39215D4F61300939CC4 /* back_icon@2x.png */ = {isa = PBXFileReference; lastKnownFileType = image.png; path = "back_icon@2x.png"; sourceTree = "<group>"; };
		D822F39315D4F61300939CC4 /* forward_icon.png */ = {isa = PBXFileReference; lastKnownFileType = image.png; path = forward_icon.png; sourceTree = "<group>"; };
		D822F39415D4F61300939CC4 /* forward_icon@2x.png */ = {isa = PBXFileReference; lastKnownFileType = image.png; path = "forward_icon@2x.png"; sourceTree = "<group>"; };
		D822F39515D4F61300939CC4 /* reload_icon.png */ = {isa = PBXFileReference; lastKnownFileType = image.png; path = reload_icon.png; sourceTree = "<group>"; };
		D822F39615D4F61300939CC4 /* reload_icon@2x.png */ = {isa = PBXFileReference; lastKnownFileType = image.png; path = "reload_icon@2x.png"; sourceTree = "<group>"; };
		D822F39715D4F61300939CC4 /* TSMiniWebBrowser.h */ = {isa = PBXFileReference; fileEncoding = 4; lastKnownFileType = sourcecode.c.h; path = TSMiniWebBrowser.h; sourceTree = "<group>"; };
		D822F39815D4F61300939CC4 /* TSMiniWebBrowser.m */ = {isa = PBXFileReference; fileEncoding = 4; lastKnownFileType = sourcecode.c.objc; path = TSMiniWebBrowser.m; sourceTree = "<group>"; };
		D822F39915D4F61300939CC4 /* TSMiniWebBrowser.xib */ = {isa = PBXFileReference; fileEncoding = 4; lastKnownFileType = file.xib; path = TSMiniWebBrowser.xib; sourceTree = "<group>"; };
		D822F3AE15D50E5400939CC4 /* smartmove57.png */ = {isa = PBXFileReference; lastKnownFileType = image.png; path = smartmove57.png; sourceTree = "<group>"; };
		D822F3AF15D50E5400939CC4 /* smartmove72.png */ = {isa = PBXFileReference; lastKnownFileType = image.png; path = smartmove72.png; sourceTree = "<group>"; };
		D822F3B015D50E5400939CC4 /* smartmove114.png */ = {isa = PBXFileReference; lastKnownFileType = image.png; path = smartmove114.png; sourceTree = "<group>"; };
		D822F3B115D50E5400939CC4 /* smartmove144.png */ = {isa = PBXFileReference; lastKnownFileType = image.png; path = smartmove144.png; sourceTree = "<group>"; };
		D822F3BE15D50FBC00939CC4 /* 53-house-white.png */ = {isa = PBXFileReference; lastKnownFileType = image.png; path = "53-house-white.png"; sourceTree = "<group>"; };
		D822F3BF15D50FBC00939CC4 /* 53-house-white@2x.png */ = {isa = PBXFileReference; lastKnownFileType = image.png; path = "53-house-white@2x.png"; sourceTree = "<group>"; };
		D822F3C215D5124A00939CC4 /* 177-building-white.png */ = {isa = PBXFileReference; lastKnownFileType = image.png; path = "177-building-white.png"; sourceTree = "<group>"; };
		D822F3C615D5156C00939CC4 /* 177-building-white@2x.png */ = {isa = PBXFileReference; lastKnownFileType = image.png; path = "177-building-white@2x.png"; sourceTree = "<group>"; };
		D822F3C815D57FF700939CC4 /* THHoodDataController.h */ = {isa = PBXFileReference; fileEncoding = 4; lastKnownFileType = sourcecode.c.h; path = THHoodDataController.h; sourceTree = "<group>"; };
		D822F3C915D57FF700939CC4 /* THHoodDataController.m */ = {isa = PBXFileReference; fileEncoding = 4; lastKnownFileType = sourcecode.c.objc; path = THHoodDataController.m; sourceTree = "<group>"; };
		D822F3CA15D57FF700939CC4 /* THHoodDataController.xib */ = {isa = PBXFileReference; fileEncoding = 4; lastKnownFileType = file.xib; path = THHoodDataController.xib; sourceTree = "<group>"; };
		D822F3D215D59B6B00939CC4 /* PieChartView.h */ = {isa = PBXFileReference; fileEncoding = 4; lastKnownFileType = sourcecode.c.h; path = PieChartView.h; sourceTree = "<group>"; };
		D822F3D315D59B6C00939CC4 /* PieChartView.m */ = {isa = PBXFileReference; fileEncoding = 4; lastKnownFileType = sourcecode.c.objc; path = PieChartView.m; sourceTree = "<group>"; };
		D822F3D915D5B15500939CC4 /* THCustomPinAnnotationView.h */ = {isa = PBXFileReference; fileEncoding = 4; lastKnownFileType = sourcecode.c.h; path = THCustomPinAnnotationView.h; sourceTree = "<group>"; };
		D822F3DA15D5B15600939CC4 /* THCustomPinAnnotationView.m */ = {isa = PBXFileReference; fileEncoding = 4; lastKnownFileType = sourcecode.c.objc; path = THCustomPinAnnotationView.m; sourceTree = "<group>"; };
		D82CDB1E15D066E1005F1FDB /* MapKit.framework */ = {isa = PBXFileReference; lastKnownFileType = wrapper.framework; name = MapKit.framework; path = System/Library/Frameworks/MapKit.framework; sourceTree = SDKROOT; };
		D82CDB2715D06EEA005F1FDB /* CoreLocation.framework */ = {isa = PBXFileReference; lastKnownFileType = wrapper.framework; name = CoreLocation.framework; path = System/Library/Frameworks/CoreLocation.framework; sourceTree = SDKROOT; };
		D82CDC1615D07455005F1FDB /* THNeighbourhood.h */ = {isa = PBXFileReference; fileEncoding = 4; lastKnownFileType = sourcecode.c.h; path = THNeighbourhood.h; sourceTree = "<group>"; };
		D82CDC1715D07455005F1FDB /* THNeighbourhood.m */ = {isa = PBXFileReference; fileEncoding = 4; lastKnownFileType = sourcecode.c.objc; path = THNeighbourhood.m; sourceTree = "<group>"; };
		D8BFA99A15D40D3800E86A16 /* THCustomPointAnnotation.h */ = {isa = PBXFileReference; fileEncoding = 4; lastKnownFileType = sourcecode.c.h; path = THCustomPointAnnotation.h; sourceTree = "<group>"; };
		D8BFA99B15D40D3800E86A16 /* THCustomPointAnnotation.m */ = {isa = PBXFileReference; fileEncoding = 4; lastKnownFileType = sourcecode.c.objc; path = THCustomPointAnnotation.m; sourceTree = "<group>"; };
		D8E67DE615D14F3800EF8465 /* 17-check.png */ = {isa = PBXFileReference; lastKnownFileType = image.png; path = "17-check.png"; sourceTree = "<group>"; };
		D8E67DE715D14F3800EF8465 /* 17-check@2x.png */ = {isa = PBXFileReference; lastKnownFileType = image.png; path = "17-check@2x.png"; sourceTree = "<group>"; };
		D8E67DEB15D15B9C00EF8465 /* 17-blank.png */ = {isa = PBXFileReference; lastKnownFileType = image.png; path = "17-blank.png"; sourceTree = "<group>"; };
		D8E67E0015D26A2400EF8465 /* neighbourhoods.json */ = {isa = PBXFileReference; fileEncoding = 4; lastKnownFileType = text.json; path = neighbourhoods.json; sourceTree = "<group>"; };
		D8E67E0615D27CA000EF8465 /* MBProgressHUD.h */ = {isa = PBXFileReference; lastKnownFileType = sourcecode.c.h; path = MBProgressHUD.h; sourceTree = "<group>"; };
		D8E67E0715D27CA000EF8465 /* MBProgressHUD.m */ = {isa = PBXFileReference; lastKnownFileType = sourcecode.c.objc; path = MBProgressHUD.m; sourceTree = "<group>"; };
		D8E67E0915D2824F00EF8465 /* THHouseDetailsController.h */ = {isa = PBXFileReference; fileEncoding = 4; lastKnownFileType = sourcecode.c.h; path = THHouseDetailsController.h; sourceTree = "<group>"; };
		D8E67E0A15D2824F00EF8465 /* THHouseDetailsController.m */ = {isa = PBXFileReference; fileEncoding = 4; lastKnownFileType = sourcecode.c.objc; path = THHouseDetailsController.m; sourceTree = "<group>"; };
		D8E67E0B15D2824F00EF8465 /* THHouseDetailsController.xib */ = {isa = PBXFileReference; fileEncoding = 4; lastKnownFileType = file.xib; path = THHouseDetailsController.xib; sourceTree = "<group>"; };
		D8E67E0E15D2880100EF8465 /* 119-piggy-bank.png */ = {isa = PBXFileReference; lastKnownFileType = image.png; path = "119-piggy-bank.png"; sourceTree = "<group>"; };
		D8E67E0F15D2880100EF8465 /* 119-piggy-bank@2x.png */ = {isa = PBXFileReference; lastKnownFileType = image.png; path = "119-piggy-bank@2x.png"; sourceTree = "<group>"; };
		D8E67E1015D2880100EF8465 /* 190-bank.png */ = {isa = PBXFileReference; lastKnownFileType = image.png; path = "190-bank.png"; sourceTree = "<group>"; };
		D8E67E1115D2880100EF8465 /* 190-bank@2x.png */ = {isa = PBXFileReference; lastKnownFileType = image.png; path = "190-bank@2x.png"; sourceTree = "<group>"; };
		D8E67E1615D2883900EF8465 /* 192-credit-card.png */ = {isa = PBXFileReference; lastKnownFileType = image.png; path = "192-credit-card.png"; sourceTree = "<group>"; };
		D8E67E1715D2883900EF8465 /* 192-credit-card@2x.png */ = {isa = PBXFileReference; lastKnownFileType = image.png; path = "192-credit-card@2x.png"; sourceTree = "<group>"; };
		D8E67E1A15D294FE00EF8465 /* 177-building.png */ = {isa = PBXFileReference; lastKnownFileType = image.png; path = "177-building.png"; sourceTree = "<group>"; };
		D8E67E1B15D294FE00EF8465 /* 177-building@2x.png */ = {isa = PBXFileReference; lastKnownFileType = image.png; path = "177-building@2x.png"; sourceTree = "<group>"; };
		D8E67E1E15D2950D00EF8465 /* 53-house.png */ = {isa = PBXFileReference; lastKnownFileType = image.png; path = "53-house.png"; sourceTree = "<group>"; };
		D8E67E1F15D2950D00EF8465 /* 53-house@2x.png */ = {isa = PBXFileReference; lastKnownFileType = image.png; path = "53-house@2x.png"; sourceTree = "<group>"; };
/* End PBXFileReference section */

/* Begin PBXFrameworksBuildPhase section */
		D81F1B9C15D064D700C8985E /* Frameworks */ = {
			isa = PBXFrameworksBuildPhase;
			buildActionMask = 2147483647;
			files = (
				D82CDB2815D06EEA005F1FDB /* CoreLocation.framework in Frameworks */,
				D82CDB1F15D066E1005F1FDB /* MapKit.framework in Frameworks */,
				D81F1BA415D064D700C8985E /* UIKit.framework in Frameworks */,
				D81F1BA615D064D700C8985E /* Foundation.framework in Frameworks */,
				D81F1BA815D064D700C8985E /* CoreGraphics.framework in Frameworks */,
			);
			runOnlyForDeploymentPostprocessing = 0;
		};
/* End PBXFrameworksBuildPhase section */

/* Begin PBXGroup section */
		D81F1B9415D064D600C8985E = {
			isa = PBXGroup;
			children = (
				D82CDC2415D083FC005F1FDB /* KMLs */,
				D81F1BA915D064D700C8985E /* Househunt */,
				D81F1BA215D064D700C8985E /* Frameworks */,
				D81F1BA015D064D700C8985E /* Products */,
			);
			sourceTree = "<group>";
		};
		D81F1BA015D064D700C8985E /* Products */ = {
			isa = PBXGroup;
			children = (
				D81F1B9F15D064D700C8985E /* SmartMove.app */,
			);
			name = Products;
			sourceTree = "<group>";
		};
		D81F1BA215D064D700C8985E /* Frameworks */ = {
			isa = PBXGroup;
			children = (
				D82CDB2715D06EEA005F1FDB /* CoreLocation.framework */,
				D82CDB1E15D066E1005F1FDB /* MapKit.framework */,
				D81F1BA315D064D700C8985E /* UIKit.framework */,
				D81F1BA515D064D700C8985E /* Foundation.framework */,
				D81F1BA715D064D700C8985E /* CoreGraphics.framework */,
			);
			name = Frameworks;
			sourceTree = "<group>";
		};
		D81F1BA915D064D700C8985E /* Househunt */ = {
			isa = PBXGroup;
			children = (
				D822F3D215D59B6B00939CC4 /* PieChartView.h */,
				D822F3D315D59B6C00939CC4 /* PieChartView.m */,
				D8E67E0615D27CA000EF8465 /* MBProgressHUD.h */,
				D8E67E0715D27CA000EF8465 /* MBProgressHUD.m */,
				D82CDC1615D07455005F1FDB /* THNeighbourhood.h */,
				D82CDC1715D07455005F1FDB /* THNeighbourhood.m */,
				D81F1BB215D064D700C8985E /* THAppDelegate.h */,
				D81F1BB315D064D700C8985E /* THAppDelegate.m */,
				D81F1BB515D064D700C8985E /* THMainViewController.h */,
				D81F1BB615D064D700C8985E /* THMainViewController.m */,
				D822F3D915D5B15500939CC4 /* THCustomPinAnnotationView.h */,
				D822F3DA15D5B15600939CC4 /* THCustomPinAnnotationView.m */,
				D8BFA99A15D40D3800E86A16 /* THCustomPointAnnotation.h */,
				D8BFA99B15D40D3800E86A16 /* THCustomPointAnnotation.m */,
				D81F1BB815D064D700C8985E /* THFlipsideViewController.h */,
				D81F1BB915D064D700C8985E /* THFlipsideViewController.m */,
				D8E67E0915D2824F00EF8465 /* THHouseDetailsController.h */,
				D8E67E0A15D2824F00EF8465 /* THHouseDetailsController.m */,
				D822F3C815D57FF700939CC4 /* THHoodDataController.h */,
				D822F3C915D57FF700939CC4 /* THHoodDataController.m */,
				D822F3CA15D57FF700939CC4 /* THHoodDataController.xib */,
				D8E67E0B15D2824F00EF8465 /* THHouseDetailsController.xib */,
				D81F1BBB15D064D700C8985E /* THMainViewController_iPhone.xib */,
				D81F1BBE15D064D700C8985E /* THMainViewController_iPad.xib */,
				D81F1BC115D064D700C8985E /* THFlipsideViewController.xib */,
				D822F38F15D4F61300939CC4 /* TSMiniWebBrowser */,
				D81F1BAA15D064D700C8985E /* Supporting Files */,
			);
			path = Househunt;
			sourceTree = "<group>";
		};
		D81F1BAA15D064D700C8985E /* Supporting Files */ = {
			isa = PBXGroup;
			children = (
				D822F3BE15D50FBC00939CC4 /* 53-house-white.png */,
				D822F3BF15D50FBC00939CC4 /* 53-house-white@2x.png */,
				D822F3C615D5156C00939CC4 /* 177-building-white@2x.png */,
				D822F3C215D5124A00939CC4 /* 177-building-white.png */,
				D822F3AE15D50E5400939CC4 /* smartmove57.png */,
				D822F3AF15D50E5400939CC4 /* smartmove72.png */,
				D822F3B015D50E5400939CC4 /* smartmove114.png */,
				D822F3B115D50E5400939CC4 /* smartmove144.png */,
				D8E67E1E15D2950D00EF8465 /* 53-house.png */,
				D8E67E1F15D2950D00EF8465 /* 53-house@2x.png */,
				D8E67E1A15D294FE00EF8465 /* 177-building.png */,
				D8E67E1B15D294FE00EF8465 /* 177-building@2x.png */,
				D8E67E1615D2883900EF8465 /* 192-credit-card.png */,
				D8E67E1715D2883900EF8465 /* 192-credit-card@2x.png */,
				D8E67E0E15D2880100EF8465 /* 119-piggy-bank.png */,
				D8E67E0F15D2880100EF8465 /* 119-piggy-bank@2x.png */,
				D8E67E1015D2880100EF8465 /* 190-bank.png */,
				D8E67E1115D2880100EF8465 /* 190-bank@2x.png */,
				D8E67DEB15D15B9C00EF8465 /* 17-blank.png */,
				D8E67DE615D14F3800EF8465 /* 17-check.png */,
				D8E67DE715D14F3800EF8465 /* 17-check@2x.png */,
				D81F1BAB15D064D700C8985E /* Househunt-Info.plist */,
				D81F1BAC15D064D700C8985E /* InfoPlist.strings */,
				D81F1BAF15D064D700C8985E /* main.m */,
				D81F1BB115D064D700C8985E /* Househunt-Prefix.pch */,
			);
			name = "Supporting Files";
			sourceTree = "<group>";
		};
		D822F38F15D4F61300939CC4 /* TSMiniWebBrowser */ = {
			isa = PBXGroup;
			children = (
				D822F39015D4F61300939CC4 /* images */,
				D822F39715D4F61300939CC4 /* TSMiniWebBrowser.h */,
				D822F39815D4F61300939CC4 /* TSMiniWebBrowser.m */,
				D822F39915D4F61300939CC4 /* TSMiniWebBrowser.xib */,
			);
			path = TSMiniWebBrowser;
			sourceTree = "<group>";
		};
		D822F39015D4F61300939CC4 /* images */ = {
			isa = PBXGroup;
			children = (
				D822F39115D4F61300939CC4 /* back_icon.png */,
				D822F39215D4F61300939CC4 /* back_icon@2x.png */,
				D822F39315D4F61300939CC4 /* forward_icon.png */,
				D822F39415D4F61300939CC4 /* forward_icon@2x.png */,
				D822F39515D4F61300939CC4 /* reload_icon.png */,
				D822F39615D4F61300939CC4 /* reload_icon@2x.png */,
			);
			path = images;
			sourceTree = "<group>";
		};
		D82CDC2415D083FC005F1FDB /* KMLs */ = {
			isa = PBXGroup;
			children = (
				D8E67E0015D26A2400EF8465 /* neighbourhoods.json */,
			);
			path = KMLs;
			sourceTree = "<group>";
		};
/* End PBXGroup section */

/* Begin PBXNativeTarget section */
		D81F1B9E15D064D700C8985E /* SmartMove */ = {
			isa = PBXNativeTarget;
			buildConfigurationList = D81F1BC615D064D700C8985E /* Build configuration list for PBXNativeTarget "SmartMove" */;
			buildPhases = (
				D81F1B9B15D064D700C8985E /* Sources */,
				D81F1B9C15D064D700C8985E /* Frameworks */,
				D81F1B9D15D064D700C8985E /* Resources */,
			);
			buildRules = (
			);
			dependencies = (
			);
			name = SmartMove;
			productName = Househunt;
			productReference = D81F1B9F15D064D700C8985E /* SmartMove.app */;
			productType = "com.apple.product-type.application";
		};
/* End PBXNativeTarget section */

/* Begin PBXProject section */
		D81F1B9615D064D600C8985E /* Project object */ = {
			isa = PBXProject;
			attributes = {
				CLASSPREFIX = TH;
				LastUpgradeCheck = 0430;
			};
			buildConfigurationList = D81F1B9915D064D600C8985E /* Build configuration list for PBXProject "Househunt" */;
			compatibilityVersion = "Xcode 3.2";
			developmentRegion = English;
			hasScannedForEncodings = 0;
			knownRegions = (
				en,
			);
			mainGroup = D81F1B9415D064D600C8985E;
			productRefGroup = D81F1BA015D064D700C8985E /* Products */;
			projectDirPath = "";
			projectRoot = "";
			targets = (
				D81F1B9E15D064D700C8985E /* SmartMove */,
			);
		};
/* End PBXProject section */

/* Begin PBXResourcesBuildPhase section */
		D81F1B9D15D064D700C8985E /* Resources */ = {
			isa = PBXResourcesBuildPhase;
			buildActionMask = 2147483647;
			files = (
				D81F1BAE15D064D700C8985E /* InfoPlist.strings in Resources */,
				D81F1BBD15D064D700C8985E /* THMainViewController_iPhone.xib in Resources */,
				D81F1BC015D064D700C8985E /* THMainViewController_iPad.xib in Resources */,
				D81F1BC315D064D700C8985E /* THFlipsideViewController.xib in Resources */,
				D8E67DE815D14F3800EF8465 /* 17-check.png in Resources */,
				D8E67DE915D14F3800EF8465 /* 17-check@2x.png in Resources */,
				D8E67DEC15D15B9C00EF8465 /* 17-blank.png in Resources */,
				D8E67E0115D26A2400EF8465 /* neighbourhoods.json in Resources */,
				D8E67E0D15D2824F00EF8465 /* THHouseDetailsController.xib in Resources */,
				D8E67E1215D2880100EF8465 /* 119-piggy-bank.png in Resources */,
				D8E67E1315D2880100EF8465 /* 119-piggy-bank@2x.png in Resources */,
				D8E67E1415D2880100EF8465 /* 190-bank.png in Resources */,
				D8E67E1515D2880100EF8465 /* 190-bank@2x.png in Resources */,
				D8E67E1815D2883900EF8465 /* 192-credit-card.png in Resources */,
				D8E67E1915D2883900EF8465 /* 192-credit-card@2x.png in Resources */,
				D8E67E1C15D294FE00EF8465 /* 177-building.png in Resources */,
				D8E67E1D15D294FE00EF8465 /* 177-building@2x.png in Resources */,
				D8E67E2015D2950D00EF8465 /* 53-house.png in Resources */,
				D8E67E2115D2950D00EF8465 /* 53-house@2x.png in Resources */,
				D822F39A15D4F61300939CC4 /* back_icon.png in Resources */,
				D822F39B15D4F61300939CC4 /* back_icon@2x.png in Resources */,
				D822F39C15D4F61300939CC4 /* forward_icon.png in Resources */,
				D822F39D15D4F61300939CC4 /* forward_icon@2x.png in Resources */,
				D822F39E15D4F61300939CC4 /* reload_icon.png in Resources */,
				D822F39F15D4F61300939CC4 /* reload_icon@2x.png in Resources */,
				D822F3A115D4F61300939CC4 /* TSMiniWebBrowser.xib in Resources */,
				D822F3B215D50E5400939CC4 /* smartmove57.png in Resources */,
				D822F3B315D50E5400939CC4 /* smartmove72.png in Resources */,
				D822F3B415D50E5400939CC4 /* smartmove114.png in Resources */,
				D822F3B515D50E5400939CC4 /* smartmove144.png in Resources */,
				D822F3C015D50FBC00939CC4 /* 53-house-white.png in Resources */,
				D822F3C115D50FBC00939CC4 /* 53-house-white@2x.png in Resources */,
				D822F3C415D5124A00939CC4 /* 177-building-white.png in Resources */,
				D822F3C715D5156C00939CC4 /* 177-building-white@2x.png in Resources */,
				D822F3CC15D57FF800939CC4 /* THHoodDataController.xib in Resources */,
			);
			runOnlyForDeploymentPostprocessing = 0;
		};
/* End PBXResourcesBuildPhase section */

/* Begin PBXSourcesBuildPhase section */
		D81F1B9B15D064D700C8985E /* Sources */ = {
			isa = PBXSourcesBuildPhase;
			buildActionMask = 2147483647;
			files = (
				D81F1BB015D064D700C8985E /* main.m in Sources */,
				D81F1BB415D064D700C8985E /* THAppDelegate.m in Sources */,
				D81F1BB715D064D700C8985E /* THMainViewController.m in Sources */,
				D81F1BBA15D064D700C8985E /* THFlipsideViewController.m in Sources */,
				D82CDC1815D07455005F1FDB /* THNeighbourhood.m in Sources */,
				D8E67E0815D27CE500EF8465 /* MBProgressHUD.m in Sources */,
				D8E67E0C15D2824F00EF8465 /* THHouseDetailsController.m in Sources */,
				D8BFA99C15D40D3800E86A16 /* THCustomPointAnnotation.m in Sources */,
				D822F3A015D4F61300939CC4 /* TSMiniWebBrowser.m in Sources */,
				D822F3CB15D57FF800939CC4 /* THHoodDataController.m in Sources */,
				D822F3D415D59B6D00939CC4 /* PieChartView.m in Sources */,
				D822F3DB15D5B15700939CC4 /* THCustomPinAnnotationView.m in Sources */,
			);
			runOnlyForDeploymentPostprocessing = 0;
		};
/* End PBXSourcesBuildPhase section */

/* Begin PBXVariantGroup section */
		D81F1BAC15D064D700C8985E /* InfoPlist.strings */ = {
			isa = PBXVariantGroup;
			children = (
				D81F1BAD15D064D700C8985E /* en */,
			);
			name = InfoPlist.strings;
			sourceTree = "<group>";
		};
		D81F1BBB15D064D700C8985E /* THMainViewController_iPhone.xib */ = {
			isa = PBXVariantGroup;
			children = (
				D81F1BBC15D064D700C8985E /* en */,
			);
			name = THMainViewController_iPhone.xib;
			sourceTree = "<group>";
		};
		D81F1BBE15D064D700C8985E /* THMainViewController_iPad.xib */ = {
			isa = PBXVariantGroup;
			children = (
				D81F1BBF15D064D700C8985E /* en */,
			);
			name = THMainViewController_iPad.xib;
			sourceTree = "<group>";
		};
		D81F1BC115D064D700C8985E /* THFlipsideViewController.xib */ = {
			isa = PBXVariantGroup;
			children = (
				D81F1BC215D064D700C8985E /* en */,
			);
			name = THFlipsideViewController.xib;
			sourceTree = "<group>";
		};
/* End PBXVariantGroup section */

/* Begin XCBuildConfiguration section */
		D81F1BC415D064D700C8985E /* Debug */ = {
			isa = XCBuildConfiguration;
			buildSettings = {
				ALWAYS_SEARCH_USER_PATHS = NO;
				ARCHS = "$(ARCHS_STANDARD_32_BIT)";
				CLANG_ENABLE_OBJC_ARC = YES;
				"CODE_SIGN_IDENTITY[sdk=iphoneos*]" = "iPhone Developer: Jehangir Ghandhi (YBPJJEXZ2Q)";
				COPY_PHASE_STRIP = NO;
				GCC_C_LANGUAGE_STANDARD = gnu99;
				GCC_DYNAMIC_NO_PIC = NO;
				GCC_OPTIMIZATION_LEVEL = 0;
				GCC_PREPROCESSOR_DEFINITIONS = (
					"DEBUG=1",
					"$(inherited)",
				);
				GCC_SYMBOLS_PRIVATE_EXTERN = NO;
				GCC_VERSION = com.apple.compilers.llvm.clang.1_0;
				GCC_WARN_ABOUT_RETURN_TYPE = YES;
				GCC_WARN_UNINITIALIZED_AUTOS = YES;
				GCC_WARN_UNUSED_VARIABLE = YES;
				IPHONEOS_DEPLOYMENT_TARGET = 5.1;
				"PROVISIONING_PROFILE[sdk=iphoneos*]" = "530C04DF-2D32-469F-9273-4588A903A074";
				SDKROOT = iphoneos;
				TARGETED_DEVICE_FAMILY = "1,2";
			};
			name = Debug;
		};
		D81F1BC515D064D700C8985E /* Release */ = {
			isa = XCBuildConfiguration;
			buildSettings = {
				ALWAYS_SEARCH_USER_PATHS = NO;
				ARCHS = "$(ARCHS_STANDARD_32_BIT)";
				CLANG_ENABLE_OBJC_ARC = YES;
				"CODE_SIGN_IDENTITY[sdk=iphoneos*]" = "iPhone Developer: Jehangir Ghandhi (YBPJJEXZ2Q)";
				COPY_PHASE_STRIP = YES;
				GCC_C_LANGUAGE_STANDARD = gnu99;
				GCC_VERSION = com.apple.compilers.llvm.clang.1_0;
				GCC_WARN_ABOUT_RETURN_TYPE = YES;
				GCC_WARN_UNINITIALIZED_AUTOS = YES;
				GCC_WARN_UNUSED_VARIABLE = YES;
				IPHONEOS_DEPLOYMENT_TARGET = 5.1;
				OTHER_CFLAGS = "-DNS_BLOCK_ASSERTIONS=1";
				"PROVISIONING_PROFILE[sdk=iphoneos*]" = "530C04DF-2D32-469F-9273-4588A903A074";
				SDKROOT = iphoneos;
				TARGETED_DEVICE_FAMILY = "1,2";
				VALIDATE_PRODUCT = YES;
			};
			name = Release;
		};
		D81F1BC715D064D700C8985E /* Debug */ = {
			isa = XCBuildConfiguration;
			buildSettings = {
				FRAMEWORK_SEARCH_PATHS = (
					"$(inherited)",
					"\"$(SRCROOT)\"",
				);
				GCC_PRECOMPILE_PREFIX_HEADER = YES;
				GCC_PREFIX_HEADER = "Househunt/Househunt-Prefix.pch";
				HEADER_SEARCH_PATHS = /usr/include/libxml2;
				INFOPLIST_FILE = "Househunt/Househunt-Info.plist";
				OTHER_LDFLAGS = "-lxml2";
				PRODUCT_NAME = "$(TARGET_NAME)";
				WRAPPER_EXTENSION = app;
			};
			name = Debug;
		};
		D81F1BC815D064D700C8985E /* Release */ = {
			isa = XCBuildConfiguration;
			buildSettings = {
				FRAMEWORK_SEARCH_PATHS = (
					"$(inherited)",
					"\"$(SRCROOT)\"",
				);
				GCC_PRECOMPILE_PREFIX_HEADER = YES;
				GCC_PREFIX_HEADER = "Househunt/Househunt-Prefix.pch";
				HEADER_SEARCH_PATHS = /usr/include/libxml2;
				INFOPLIST_FILE = "Househunt/Househunt-Info.plist";
				OTHER_LDFLAGS = "-lxml2";
				PRODUCT_NAME = "$(TARGET_NAME)";
				WRAPPER_EXTENSION = app;
			};
			name = Release;
		};
/* End XCBuildConfiguration section */

/* Begin XCConfigurationList section */
		D81F1B9915D064D600C8985E /* Build configuration list for PBXProject "Househunt" */ = {
			isa = XCConfigurationList;
			buildConfigurations = (
				D81F1BC415D064D700C8985E /* Debug */,
				D81F1BC515D064D700C8985E /* Release */,
			);
			defaultConfigurationIsVisible = 0;
			defaultConfigurationName = Release;
		};
		D81F1BC615D064D700C8985E /* Build configuration list for PBXNativeTarget "SmartMove" */ = {
			isa = XCConfigurationList;
			buildConfigurations = (
				D81F1BC715D064D700C8985E /* Debug */,
				D81F1BC815D064D700C8985E /* Release */,
			);
			defaultConfigurationIsVisible = 0;
			defaultConfigurationName = Release;
		};
/* End XCConfigurationList section */
	};
	rootObject = D81F1B9615D064D600C8985E /* Project object */;
}
